{
  "name": "loco-rails-dummy",
  "version": "0.0.1",
  "lockfileVersion": 1,
  "requires": true,
  "dependencies": {
    "jquery": {
      "version": "3.2.1",
      "resolved": "https://registry.npmjs.org/jquery/-/jquery-3.2.1.tgz",
      "integrity": "sha1-XE2d5lKvbNCncBVKYxu6ErAVx4c="
    },
    "loco-js": {
      "version": "3.2.4",
      "resolved": "https://registry.npmjs.org/loco-js/-/loco-js-3.2.4.tgz",
      "integrity": "sha512-N1o2s9k5iLh285TXKYrbTDi3m9JT75Od0k4wyqfAW1BZqsi8N28GOPG14WkHjdJXJ50WooMqNcnukj4MTVddVg==",
      "requires": {
        "loco-js-model": "0.3.3"
      }
    },
    "loco-js-model": {
      "version": "0.3.3",
      "resolved": "https://registry.npmjs.org/loco-js-model/-/loco-js-model-0.3.3.tgz",
      "integrity": "sha512-QikL8eL1E9JX87w4JG9aBc64lhrbVXKg9frkGDcpf/7wD8nwSs5iRmy9o8XjY/vs9cRjy236H06jk6ALswF0KQ=="
    }
  }
}
