{
  "name": "loco-rails-dummy",
  "version": "0.0.1",
  "lockfileVersion": 1,
  "requires": true,
  "dependencies": {
    "immediate": {
      "version": "3.0.6",
      "resolved": "https://registry.npmjs.org/immediate/-/immediate-3.0.6.tgz",
      "integrity": "sha1-nbHb0Pr43m++D13V5Wu2BigN5ps="
    },
    "jquery": {
      "version": "3.2.1",
      "resolved": "https://registry.npmjs.org/jquery/-/jquery-3.2.1.tgz",
      "integrity": "sha1-XE2d5lKvbNCncBVKYxu6ErAVx4c="
    },
    "lie": {
      "version": "3.1.1",
      "resolved": "https://registry.npmjs.org/lie/-/lie-3.1.1.tgz",
      "integrity": "sha1-mkNrLMd0bKWd56QfpGmz77dr2H4=",
      "requires": {
        "immediate": "3.0.6"
      }
    },
    "loco-js": {
      "version": "3.0.0",
      "resolved": "https://registry.npmjs.org/loco-js/-/loco-js-3.0.0.tgz",
      "integrity": "sha512-xS/AwuRQKiCiPRpXsi6r23rFiqktzNFLsrFOfVb5T+KeV2r8+McxDlzN8GneYuzjU76tadlOtB8cR8avKv/dVg==",
      "requires": {
        "loco-js-model": "0.2.0"
      }
    },
    "loco-js-model": {
      "version": "0.2.0",
      "resolved": "https://registry.npmjs.org/loco-js-model/-/loco-js-model-0.2.0.tgz",
      "integrity": "sha512-jF6ERsBmkJ34kdeBz+CKXi1zam4iF2nCbCpktcQGWqIfXkWaS/DmFAmih/b9UsJUF2clt11pvT0Z3hGiNpzumw=="
    }
  }
}
