{
  "name": "loco-rails-dummy",
  "version": "0.0.1",
  "lockfileVersion": 1,
  "requires": true,
  "dependencies": {
    "jquery": {
      "version": "3.2.1",
      "resolved": "https://registry.npmjs.org/jquery/-/jquery-3.2.1.tgz",
      "integrity": "sha1-XE2d5lKvbNCncBVKYxu6ErAVx4c="
    },
    "loco-js": {
      "version": "3.2.1",
      "resolved": "https://registry.npmjs.org/loco-js/-/loco-js-3.2.1.tgz",
      "integrity": "sha512-F7EAKAaRxTm4RdSIA1moGR4daCfUuJiF84rFg3BQx4kpeV8blNtPXEoo5U2XHHyhYMy/nwAbS+Wu+wtwKNUxew==",
      "requires": {
        "loco-js-model": "0.3.1"
      }
    },
    "loco-js-model": {
      "version": "0.3.1",
      "resolved": "https://registry.npmjs.org/loco-js-model/-/loco-js-model-0.3.1.tgz",
      "integrity": "sha512-/LfdT3AAsXtnSWLjIfLpkDxUONjnl9w3B+6Gyokwo57kuuPwJHMntiNW+O6MGszDgFZIccuJFTfABrmQtq5XGg=="
    }
  }
}
